
Microsoft Visual Studio Solution File, Format Version 12.00
# Visual Studio Version 17
VisualStudioVersion = 17.7.34031.279
MinimumVisualStudioVersion = 10.0.40219.1
Project("{8BC9CEB8-8B4A-11D0-8D11-00A0C91BC942}") = "OGLearn", "OGLearn.vcxproj", "{51917462-175D-4829-89CC-6B2EEA2B3338}"
EndProject
Global
	GlobalSection(SolutionConfigurationPlatforms) = preSolution
		Debug|x64 = Debug|x64
		Debug|x86 = Debug|x86
		Release|x64 = Release|x64
		Release|x86 = Release|x86
	EndGlobalSection
	GlobalSection(ProjectConfigurationPlatforms) = postSolution
		{51917462-175D-4829-89CC-6B2EEA2B3338}.Debug|x64.ActiveCfg = Debug|x64
		{51917462-175D-4829-89CC-6B2EEA2B3338}.Debug|x64.Build.0 = Debug|x64
		{51917462-175D-4829-89CC-6B2EEA2B3338}.Debug|x86.ActiveCfg = Debug|Win32
		{51917462-175D-4829-89CC-6B2EEA2B3338}.Debug|x86.Build.0 = Debug|Win32
		{51917462-175D-4829-89CC-6B2EEA2B3338}.Release|x64.ActiveCfg = Release|x64
		{51917462-175D-4829-89CC-6B2EEA2B3338}.Release|x64.Build.0 = Release|x64
		{51917462-175D-4829-89CC-6B2EEA2B3338}.Release|x86.ActiveCfg = Release|Win32
		{51917462-175D-4829-89CC-6B2EEA2B3338}.Release|x86.Build.0 = Release|Win32
	EndGlobalSection
	GlobalSection(SolutionProperties) = preSolution
		HideSolutionNode = FALSE
	EndGlobalSection
	GlobalSection(ExtensibilityGlobals) = postSolution
		SolutionGuid = {5A2E3388-BB23-4CCB-8C80-7508583F47AD}
	EndGlobalSection
EndGlobal
